
Microsoft Visual Studio Solution File, Format Version 12.00
# Visual Studio Version 16
VisualStudioVersion = 16.0.30907.101
MinimumVisualStudioVersion = 10.0.40219.1
Project("{FAE04EC0-301F-11D3-BF4B-00C04F79EFBC}") = "LDPatients", "LDPatients\LDPatients.csproj", "{D69419D5-9FFC-42B9-AC67-9E371927F6FE}"
EndProject
Global
	GlobalSection(SolutionConfigurationPlatforms) = preSolution
		Debug|Any CPU = Debug|Any CPU
		Release|Any CPU = Release|Any CPU
	EndGlobalSection
	GlobalSection(ProjectConfigurationPlatforms) = postSolution
		{D69419D5-9FFC-42B9-AC67-9E371927F6FE}.Debug|Any CPU.ActiveCfg = Debug|Any CPU
		{D69419D5-9FFC-42B9-AC67-9E371927F6FE}.Debug|Any CPU.Build.0 = Debug|Any CPU
		{D69419D5-9FFC-42B9-AC67-9E371927F6FE}.Release|Any CPU.ActiveCfg = Release|Any CPU
		{D69419D5-9FFC-42B9-AC67-9E371927F6FE}.Release|Any CPU.Build.0 = Release|Any CPU
	EndGlobalSection
	GlobalSection(SolutionProperties) = preSolution
		HideSolutionNode = FALSE
	EndGlobalSection
	GlobalSection(ExtensibilityGlobals) = postSolution
		SolutionGuid = {2E4AB294-74A0-4B9B-97E5-C009F848C76B}
	EndGlobalSection
EndGlobal
